// !$*UTF8*$!
{
	archiveVersion = 1;
	classes = {
	};
	objectVersion = 46;
	objects = {

/* Begin PBXBuildFile section */
		BE5FCCD71A348E6D009C8FD9 /* authors.json in CopyFiles */ = {isa = PBXBuildFile; fileRef = BE5FCCD61A348E64009C8FD9 /* authors.json */; };
		BEBCC1B01A32F713005C7EE3 /* main.swift in Sources */ = {isa = PBXBuildFile; fileRef = BEBCC1AF1A32F713005C7EE3 /* main.swift */; };
		BEBCC1E31A3326D9005C7EE3 /* ojm.swift in Sources */ = {isa = PBXBuildFile; fileRef = BEBCC1E21A3326D9005C7EE3 /* ojm.swift */; };
		BEBCC1E41A333044005C7EE3 /* book.json in CopyFiles */ = {isa = PBXBuildFile; fileRef = BEBCC1DB1A32F9CB005C7EE3 /* book.json */; };
		BEBCC1E51A33321A005C7EE3 /* order.json in CopyFiles */ = {isa = PBXBuildFile; fileRef = BEBCC1DD1A32F9CB005C7EE3 /* order.json */; };
		BEBCC1E81A3337EC005C7EE3 /* TypeCheck.json in CopyFiles */ = {isa = PBXBuildFile; fileRef = BEBCC1E71A3337E0005C7EE3 /* TypeCheck.json */; };
		BEBCC1EA1A3348F1005C7EE3 /* bookError.json in CopyFiles */ = {isa = PBXBuildFile; fileRef = BEBCC1E91A33476D005C7EE3 /* bookError.json */; };
		BEBCC1EC1A334A1E005C7EE3 /* bookErrorLackKey.json in CopyFiles */ = {isa = PBXBuildFile; fileRef = BEBCC1EB1A334A02005C7EE3 /* bookErrorLackKey.json */; };
/* End PBXBuildFile section */

/* Begin PBXCopyFilesBuildPhase section */
		BEBCC1AA1A32F713005C7EE3 /* CopyFiles */ = {
			isa = PBXCopyFilesBuildPhase;
			buildActionMask = 12;
			dstPath = "";
			dstSubfolderSpec = 7;
			files = (
				BE5FCCD71A348E6D009C8FD9 /* authors.json in CopyFiles */,
				BEBCC1EC1A334A1E005C7EE3 /* bookErrorLackKey.json in CopyFiles */,
				BEBCC1EA1A3348F1005C7EE3 /* bookError.json in CopyFiles */,
				BEBCC1E81A3337EC005C7EE3 /* TypeCheck.json in CopyFiles */,
				BEBCC1E51A33321A005C7EE3 /* order.json in CopyFiles */,
				BEBCC1E41A333044005C7EE3 /* book.json in CopyFiles */,
			);
			runOnlyForDeploymentPostprocessing = 0;
		};
/* End PBXCopyFilesBuildPhase section */

/* Begin PBXFileReference section */
		BE5FCCD61A348E64009C8FD9 /* authors.json */ = {isa = PBXFileReference; fileEncoding = 4; lastKnownFileType = text.json; path = authors.json; sourceTree = "<group>"; };
		BEBCC1AC1A32F713005C7EE3 /* ObjectJsonMapping */ = {isa = PBXFileReference; explicitFileType = "compiled.mach-o.executable"; includeInIndex = 0; path = ObjectJsonMapping; sourceTree = BUILT_PRODUCTS_DIR; };
		BEBCC1AF1A32F713005C7EE3 /* main.swift */ = {isa = PBXFileReference; lastKnownFileType = sourcecode.swift; path = main.swift; sourceTree = "<group>"; };
		BEBCC1D21A32F86D005C7EE3 /* bootstrap.sh */ = {isa = PBXFileReference; lastKnownFileType = text.script.sh; path = bootstrap.sh; sourceTree = "<group>"; };
		BEBCC1DB1A32F9CB005C7EE3 /* book.json */ = {isa = PBXFileReference; lastKnownFileType = text.json; path = book.json; sourceTree = "<group>"; };
		BEBCC1DC1A32F9CB005C7EE3 /* book.yml */ = {isa = PBXFileReference; lastKnownFileType = text; path = book.yml; sourceTree = "<group>"; };
		BEBCC1DD1A32F9CB005C7EE3 /* order.json */ = {isa = PBXFileReference; lastKnownFileType = text.json; path = order.json; sourceTree = "<group>"; };
		BEBCC1DE1A32F9CB005C7EE3 /* order.yml */ = {isa = PBXFileReference; lastKnownFileType = text; path = order.yml; sourceTree = "<group>"; };
		BEBCC1E21A3326D9005C7EE3 /* ojm.swift */ = {isa = PBXFileReference; fileEncoding = 4; lastKnownFileType = sourcecode.swift; path = ojm.swift; sourceTree = "<group>"; };
		BEBCC1E61A333556005C7EE3 /* test.yml */ = {isa = PBXFileReference; fileEncoding = 4; lastKnownFileType = text; path = test.yml; sourceTree = "<group>"; };
		BEBCC1E71A3337E0005C7EE3 /* TypeCheck.json */ = {isa = PBXFileReference; lastKnownFileType = text.json; path = TypeCheck.json; sourceTree = "<group>"; };
		BEBCC1E91A33476D005C7EE3 /* bookError.json */ = {isa = PBXFileReference; lastKnownFileType = text.json; path = bookError.json; sourceTree = "<group>"; };
		BEBCC1EB1A334A02005C7EE3 /* bookErrorLackKey.json */ = {isa = PBXFileReference; lastKnownFileType = text.json; path = bookErrorLackKey.json; sourceTree = "<group>"; };
/* End PBXFileReference section */

/* Begin PBXFrameworksBuildPhase section */
		BEBCC1A91A32F713005C7EE3 /* Frameworks */ = {
			isa = PBXFrameworksBuildPhase;
			buildActionMask = 2147483647;
			files = (
			);
			runOnlyForDeploymentPostprocessing = 0;
		};
/* End PBXFrameworksBuildPhase section */

/* Begin PBXGroup section */
		BEBCC1A31A32F713005C7EE3 = {
			isa = PBXGroup;
			children = (
				BEBCC1D21A32F86D005C7EE3 /* bootstrap.sh */,
				BEBCC1DA1A32F9CB005C7EE3 /* example */,
				BEBCC1D31A32F919005C7EE3 /* OJM */,
				BEBCC1AE1A32F713005C7EE3 /* ObjectJsonMapping */,
				BEBCC1AD1A32F713005C7EE3 /* Products */,
			);
			sourceTree = "<group>";
		};
		BEBCC1AD1A32F713005C7EE3 /* Products */ = {
			isa = PBXGroup;
			children = (
				BEBCC1AC1A32F713005C7EE3 /* ObjectJsonMapping */,
			);
			name = Products;
			sourceTree = "<group>";
		};
		BEBCC1AE1A32F713005C7EE3 /* ObjectJsonMapping */ = {
			isa = PBXGroup;
			children = (
				BEBCC1AF1A32F713005C7EE3 /* main.swift */,
			);
			path = ObjectJsonMapping;
			sourceTree = "<group>";
		};
		BEBCC1D31A32F919005C7EE3 /* OJM */ = {
			isa = PBXGroup;
			children = (
				BEBCC1E21A3326D9005C7EE3 /* ojm.swift */,
			);
			path = OJM;
			sourceTree = "<group>";
		};
		BEBCC1DA1A32F9CB005C7EE3 /* example */ = {
			isa = PBXGroup;
			children = (
				BE5FCCD61A348E64009C8FD9 /* authors.json */,
				BEBCC1E91A33476D005C7EE3 /* bookError.json */,
				BEBCC1EB1A334A02005C7EE3 /* bookErrorLackKey.json */,
				BEBCC1E61A333556005C7EE3 /* test.yml */,
				BEBCC1E71A3337E0005C7EE3 /* TypeCheck.json */,
				BEBCC1DB1A32F9CB005C7EE3 /* book.json */,
				BEBCC1DC1A32F9CB005C7EE3 /* book.yml */,
				BEBCC1DD1A32F9CB005C7EE3 /* order.json */,
				BEBCC1DE1A32F9CB005C7EE3 /* order.yml */,
			);
			path = example;
			sourceTree = "<group>";
		};
/* End PBXGroup section */

/* Begin PBXNativeTarget section */
		BEBCC1AB1A32F713005C7EE3 /* ObjectJsonMapping */ = {
			isa = PBXNativeTarget;
			buildConfigurationList = BEBCC1B31A32F713005C7EE3 /* Build configuration list for PBXNativeTarget "ObjectJsonMapping" */;
			buildPhases = (
				BEBCC1A81A32F713005C7EE3 /* Sources */,
				BEBCC1A91A32F713005C7EE3 /* Frameworks */,
				BEBCC1AA1A32F713005C7EE3 /* CopyFiles */,
			);
			buildRules = (
			);
			dependencies = (
			);
			name = ObjectJsonMapping;
			productName = ObjectJsonMapping;
			productReference = BEBCC1AC1A32F713005C7EE3 /* ObjectJsonMapping */;
			productType = "com.apple.product-type.tool";
		};
/* End PBXNativeTarget section */

/* Begin PBXProject section */
		BEBCC1A41A32F713005C7EE3 /* Project object */ = {
			isa = PBXProject;
			attributes = {
				LastUpgradeCheck = 0610;
				ORGANIZATIONNAME = Yumemi;
				TargetAttributes = {
					BEBCC1AB1A32F713005C7EE3 = {
						CreatedOnToolsVersion = 6.1.1;
					};
				};
			};
			buildConfigurationList = BEBCC1A71A32F713005C7EE3 /* Build configuration list for PBXProject "ObjectJsonMapping" */;
			compatibilityVersion = "Xcode 3.2";
			developmentRegion = English;
			hasScannedForEncodings = 0;
			knownRegions = (
				en,
			);
			mainGroup = BEBCC1A31A32F713005C7EE3;
			productRefGroup = BEBCC1AD1A32F713005C7EE3 /* Products */;
			projectDirPath = "";
			projectRoot = "";
			targets = (
				BEBCC1AB1A32F713005C7EE3 /* ObjectJsonMapping */,
			);
		};
/* End PBXProject section */

/* Begin PBXSourcesBuildPhase section */
		BEBCC1A81A32F713005C7EE3 /* Sources */ = {
			isa = PBXSourcesBuildPhase;
			buildActionMask = 2147483647;
			files = (
				BEBCC1E31A3326D9005C7EE3 /* ojm.swift in Sources */,
				BEBCC1B01A32F713005C7EE3 /* main.swift in Sources */,
			);
			runOnlyForDeploymentPostprocessing = 0;
		};
/* End PBXSourcesBuildPhase section */

/* Begin XCBuildConfiguration section */
		BEBCC1B11A32F713005C7EE3 /* Debug */ = {
			isa = XCBuildConfiguration;
			buildSettings = {
				ALWAYS_SEARCH_USER_PATHS = NO;
				CLANG_CXX_LANGUAGE_STANDARD = "gnu++0x";
				CLANG_CXX_LIBRARY = "libc++";
				CLANG_ENABLE_MODULES = YES;
				CLANG_ENABLE_OBJC_ARC = YES;
				CLANG_WARN_BOOL_CONVERSION = YES;
				CLANG_WARN_CONSTANT_CONVERSION = YES;
				CLANG_WARN_DIRECT_OBJC_ISA_USAGE = YES_ERROR;
				CLANG_WARN_EMPTY_BODY = YES;
				CLANG_WARN_ENUM_CONVERSION = YES;
				CLANG_WARN_INT_CONVERSION = YES;
				CLANG_WARN_OBJC_ROOT_CLASS = YES_ERROR;
				CLANG_WARN_UNREACHABLE_CODE = YES;
				CLANG_WARN__DUPLICATE_METHOD_MATCH = YES;
				COPY_PHASE_STRIP = NO;
				ENABLE_STRICT_OBJC_MSGSEND = YES;
				GCC_C_LANGUAGE_STANDARD = gnu99;
				GCC_DYNAMIC_NO_PIC = NO;
				GCC_OPTIMIZATION_LEVEL = 0;
				GCC_PREPROCESSOR_DEFINITIONS = (
					"DEBUG=1",
					"$(inherited)",
				);
				GCC_SYMBOLS_PRIVATE_EXTERN = NO;
				GCC_WARN_64_TO_32_BIT_CONVERSION = YES;
				GCC_WARN_ABOUT_RETURN_TYPE = YES_ERROR;
				GCC_WARN_UNDECLARED_SELECTOR = YES;
				GCC_WARN_UNINITIALIZED_AUTOS = YES_AGGRESSIVE;
				GCC_WARN_UNUSED_FUNCTION = YES;
				GCC_WARN_UNUSED_VARIABLE = YES;
				MACOSX_DEPLOYMENT_TARGET = 10.10;
				MTL_ENABLE_DEBUG_INFO = YES;
				ONLY_ACTIVE_ARCH = YES;
				SDKROOT = macosx;
				SWIFT_OPTIMIZATION_LEVEL = "-Onone";
			};
			name = Debug;
		};
		BEBCC1B21A32F713005C7EE3 /* Release */ = {
			isa = XCBuildConfiguration;
			buildSettings = {
				ALWAYS_SEARCH_USER_PATHS = NO;
				CLANG_CXX_LANGUAGE_STANDARD = "gnu++0x";
				CLANG_CXX_LIBRARY = "libc++";
				CLANG_ENABLE_MODULES = YES;
				CLANG_ENABLE_OBJC_ARC = YES;
				CLANG_WARN_BOOL_CONVERSION = YES;
				CLANG_WARN_CONSTANT_CONVERSION = YES;
				CLANG_WARN_DIRECT_OBJC_ISA_USAGE = YES_ERROR;
				CLANG_WARN_EMPTY_BODY = YES;
				CLANG_WARN_ENUM_CONVERSION = YES;
				CLANG_WARN_INT_CONVERSION = YES;
				CLANG_WARN_OBJC_ROOT_CLASS = YES_ERROR;
				CLANG_WARN_UNREACHABLE_CODE = YES;
				CLANG_WARN__DUPLICATE_METHOD_MATCH = YES;
				COPY_PHASE_STRIP = YES;
				DEBUG_INFORMATION_FORMAT = "dwarf-with-dsym";
				ENABLE_NS_ASSERTIONS = NO;
				ENABLE_STRICT_OBJC_MSGSEND = YES;
				GCC_C_LANGUAGE_STANDARD = gnu99;
				GCC_WARN_64_TO_32_BIT_CONVERSION = YES;
				GCC_WARN_ABOUT_RETURN_TYPE = YES_ERROR;
				GCC_WARN_UNDECLARED_SELECTOR = YES;
				GCC_WARN_UNINITIALIZED_AUTOS = YES_AGGRESSIVE;
				GCC_WARN_UNUSED_FUNCTION = YES;
				GCC_WARN_UNUSED_VARIABLE = YES;
				MACOSX_DEPLOYMENT_TARGET = 10.10;
				MTL_ENABLE_DEBUG_INFO = NO;
				SDKROOT = macosx;
			};
			name = Release;
		};
		BEBCC1B41A32F713005C7EE3 /* Debug */ = {
			isa = XCBuildConfiguration;
			buildSettings = {
				PRODUCT_NAME = "$(TARGET_NAME)";
			};
			name = Debug;
		};
		BEBCC1B51A32F713005C7EE3 /* Release */ = {
			isa = XCBuildConfiguration;
			buildSettings = {
				PRODUCT_NAME = "$(TARGET_NAME)";
			};
			name = Release;
		};
/* End XCBuildConfiguration section */

/* Begin XCConfigurationList section */
		BEBCC1A71A32F713005C7EE3 /* Build configuration list for PBXProject "ObjectJsonMapping" */ = {
			isa = XCConfigurationList;
			buildConfigurations = (
				BEBCC1B11A32F713005C7EE3 /* Debug */,
				BEBCC1B21A32F713005C7EE3 /* Release */,
			);
			defaultConfigurationIsVisible = 0;
			defaultConfigurationName = Release;
		};
		BEBCC1B31A32F713005C7EE3 /* Build configuration list for PBXNativeTarget "ObjectJsonMapping" */ = {
			isa = XCConfigurationList;
			buildConfigurations = (
				BEBCC1B41A32F713005C7EE3 /* Debug */,
				BEBCC1B51A32F713005C7EE3 /* Release */,
			);
			defaultConfigurationIsVisible = 0;
			defaultConfigurationName = Release;
		};
/* End XCConfigurationList section */
	};
	rootObject = BEBCC1A41A32F713005C7EE3 /* Project object */;
}
